
Microsoft Visual Studio Solution File, Format Version 12.00
# Visual Studio 15
VisualStudioVersion = 15.0.27703.2000
MinimumVisualStudioVersion = 10.0.40219.1
Project("{FAE04EC0-301F-11D3-BF4B-00C04F79EFBC}") = "Day-01-Exercise-02", "Day-01-Exercise-02\Day-01-Exercise-02.csproj", "{BB3F3C10-2E55-463B-983D-4CE0597B50C0}"
EndProject
Project("{FAE04EC0-301F-11D3-BF4B-00C04F79EFBC}") = "Day-01-Exercise-01", "Day-01-Exercise-01\Day-01-Exercise-01.csproj", "{51FE0DEF-686C-4453-A115-C4135AC11EBA}"
EndProject
Project("{FAE04EC0-301F-11D3-BF4B-00C04F79EFBC}") = "Day-02-Exercise-01", "Day-02-Exercise-01\Day-02-Exercise-01.csproj", "{86F1889F-6B1B-44D1-9666-84990AF4A445}"
EndProject
Project("{FAE04EC0-301F-11D3-BF4B-00C04F79EFBC}") = "Day-02-Exercise-02", "Day-02-Exercise-02\Day-02-Exercise-02.csproj", "{FD78C76C-301F-45DC-8633-2777BE2A3683}"
EndProject
Project("{FAE04EC0-301F-11D3-BF4B-00C04F79EFBC}") = "Day-03-Exercise-01", "Day-03-Exercise-01\Day-03-Exercise-01.csproj", "{4F8007DA-0F15-4BD9-95F3-928072755B3C}"
EndProject
Project("{FAE04EC0-301F-11D3-BF4B-00C04F79EFBC}") = "Day-03-Exercise-02", "Day-03-Exercise-02\Day-03-Exercise-02.csproj", "{FD2D26BB-140C-4724-8396-4DE66F6977F0}"
EndProject
Project("{FAE04EC0-301F-11D3-BF4B-00C04F79EFBC}") = "Day-04-Exercise-01", "Day-04-Exercise-01\Day-04-Exercise-01.csproj", "{5354E814-3168-4338-98CC-DBF60B80CD13}"
EndProject
Project("{FAE04EC0-301F-11D3-BF4B-00C04F79EFBC}") = "Day-04-Exercise-02", "Day-04-Exercise-02\Day-04-Exercise-02.csproj", "{BB4D44D1-56C4-44C5-B91A-5D951537BF25}"
EndProject
Project("{FAE04EC0-301F-11D3-BF4B-00C04F79EFBC}") = "Day-05-Exercise-01", "Day-05-Exercise-01\Day-05-Exercise-01.csproj", "{40A781B9-2D75-4FC2-9908-2F5C306DC7DA}"
EndProject
Project("{FAE04EC0-301F-11D3-BF4B-00C04F79EFBC}") = "Day-05-Exercise-02", "Day-05-Exercise-02\Day-05-Exercise-02.csproj", "{DFF584E3-0D78-4287-943E-931024FB40CF}"
EndProject
Project("{FAE04EC0-301F-11D3-BF4B-00C04F79EFBC}") = "Day-06-Exercise-01", "Day-06-Exercise-01\Day-06-Exercise-01.csproj", "{10BBFEA5-F30B-47FC-A703-5F7D0E08448A}"
EndProject
Project("{FAE04EC0-301F-11D3-BF4B-00C04F79EFBC}") = "Day-06-Exercise-02", "Day-06-Exercise-02\Day-06-Exercise-02.csproj", "{B9CD46D5-084A-4088-9632-AF06667C48BA}"
EndProject
Project("{FAE04EC0-301F-11D3-BF4B-00C04F79EFBC}") = "Day-07-Exercise-01", "Day-07-Exercise-01\Day-07-Exercise-01.csproj", "{CC124932-B45C-4918-80E6-4D9B706C9A55}"
EndProject
Project("{FAE04EC0-301F-11D3-BF4B-00C04F79EFBC}") = "Day-07-Exercise-02", "Day-07-Exercise-02\Day-07-Exercise-02.csproj", "{EFF94EF8-B225-410F-B70E-E30F5B75718F}"
EndProject
Project("{FAE04EC0-301F-11D3-BF4B-00C04F79EFBC}") = "Day-08-Exercise-01", "Day-08-Exercise-01\Day-08-Exercise-01.csproj", "{F8998426-CA10-4EB2-A451-D4E40C0284F4}"
EndProject
Project("{FAE04EC0-301F-11D3-BF4B-00C04F79EFBC}") = "Day-08-Exercise-02", "Day-08-Exercise-02\Day-08-Exercise-02.csproj", "{82DC2620-051C-43D2-B31F-B515FFE701B4}"
EndProject
Project("{FAE04EC0-301F-11D3-BF4B-00C04F79EFBC}") = "Day-09-Exercise-01", "Day-09-Exercise-01\Day-09-Exercise-01.csproj", "{E6333F21-EF31-42D1-A400-1D0C51C48454}"
EndProject
Project("{FAE04EC0-301F-11D3-BF4B-00C04F79EFBC}") = "Day-09-Exercise-02", "Day-09-Exercise-02\Day-09-Exercise-02.csproj", "{66796D3E-9278-40D1-AEC0-DBC1F094F6FA}"
EndProject
Global
	GlobalSection(SolutionConfigurationPlatforms) = preSolution
		Debug|Any CPU = Debug|Any CPU
		Release|Any CPU = Release|Any CPU
	EndGlobalSection
	GlobalSection(ProjectConfigurationPlatforms) = postSolution
		{BB3F3C10-2E55-463B-983D-4CE0597B50C0}.Debug|Any CPU.ActiveCfg = Debug|Any CPU
		{BB3F3C10-2E55-463B-983D-4CE0597B50C0}.Debug|Any CPU.Build.0 = Debug|Any CPU
		{BB3F3C10-2E55-463B-983D-4CE0597B50C0}.Release|Any CPU.ActiveCfg = Release|Any CPU
		{BB3F3C10-2E55-463B-983D-4CE0597B50C0}.Release|Any CPU.Build.0 = Release|Any CPU
		{51FE0DEF-686C-4453-A115-C4135AC11EBA}.Debug|Any CPU.ActiveCfg = Debug|Any CPU
		{51FE0DEF-686C-4453-A115-C4135AC11EBA}.Debug|Any CPU.Build.0 = Debug|Any CPU
		{51FE0DEF-686C-4453-A115-C4135AC11EBA}.Release|Any CPU.ActiveCfg = Release|Any CPU
		{51FE0DEF-686C-4453-A115-C4135AC11EBA}.Release|Any CPU.Build.0 = Release|Any CPU
		{86F1889F-6B1B-44D1-9666-84990AF4A445}.Debug|Any CPU.ActiveCfg = Debug|Any CPU
		{86F1889F-6B1B-44D1-9666-84990AF4A445}.Debug|Any CPU.Build.0 = Debug|Any CPU
		{86F1889F-6B1B-44D1-9666-84990AF4A445}.Release|Any CPU.ActiveCfg = Release|Any CPU
		{86F1889F-6B1B-44D1-9666-84990AF4A445}.Release|Any CPU.Build.0 = Release|Any CPU
		{FD78C76C-301F-45DC-8633-2777BE2A3683}.Debug|Any CPU.ActiveCfg = Debug|Any CPU
		{FD78C76C-301F-45DC-8633-2777BE2A3683}.Debug|Any CPU.Build.0 = Debug|Any CPU
		{FD78C76C-301F-45DC-8633-2777BE2A3683}.Release|Any CPU.ActiveCfg = Release|Any CPU
		{FD78C76C-301F-45DC-8633-2777BE2A3683}.Release|Any CPU.Build.0 = Release|Any CPU
		{4F8007DA-0F15-4BD9-95F3-928072755B3C}.Debug|Any CPU.ActiveCfg = Debug|Any CPU
		{4F8007DA-0F15-4BD9-95F3-928072755B3C}.Debug|Any CPU.Build.0 = Debug|Any CPU
		{4F8007DA-0F15-4BD9-95F3-928072755B3C}.Release|Any CPU.ActiveCfg = Release|Any CPU
		{4F8007DA-0F15-4BD9-95F3-928072755B3C}.Release|Any CPU.Build.0 = Release|Any CPU
		{FD2D26BB-140C-4724-8396-4DE66F6977F0}.Debug|Any CPU.ActiveCfg = Debug|Any CPU
		{FD2D26BB-140C-4724-8396-4DE66F6977F0}.Debug|Any CPU.Build.0 = Debug|Any CPU
		{FD2D26BB-140C-4724-8396-4DE66F6977F0}.Release|Any CPU.ActiveCfg = Release|Any CPU
		{FD2D26BB-140C-4724-8396-4DE66F6977F0}.Release|Any CPU.Build.0 = Release|Any CPU
		{5354E814-3168-4338-98CC-DBF60B80CD13}.Debug|Any CPU.ActiveCfg = Debug|Any CPU
		{5354E814-3168-4338-98CC-DBF60B80CD13}.Debug|Any CPU.Build.0 = Debug|Any CPU
		{5354E814-3168-4338-98CC-DBF60B80CD13}.Release|Any CPU.ActiveCfg = Release|Any CPU
		{5354E814-3168-4338-98CC-DBF60B80CD13}.Release|Any CPU.Build.0 = Release|Any CPU
		{BB4D44D1-56C4-44C5-B91A-5D951537BF25}.Debug|Any CPU.ActiveCfg = Debug|Any CPU
		{BB4D44D1-56C4-44C5-B91A-5D951537BF25}.Debug|Any CPU.Build.0 = Debug|Any CPU
		{BB4D44D1-56C4-44C5-B91A-5D951537BF25}.Release|Any CPU.ActiveCfg = Release|Any CPU
		{BB4D44D1-56C4-44C5-B91A-5D951537BF25}.Release|Any CPU.Build.0 = Release|Any CPU
		{40A781B9-2D75-4FC2-9908-2F5C306DC7DA}.Debug|Any CPU.ActiveCfg = Debug|Any CPU
		{40A781B9-2D75-4FC2-9908-2F5C306DC7DA}.Debug|Any CPU.Build.0 = Debug|Any CPU
		{40A781B9-2D75-4FC2-9908-2F5C306DC7DA}.Release|Any CPU.ActiveCfg = Release|Any CPU
		{40A781B9-2D75-4FC2-9908-2F5C306DC7DA}.Release|Any CPU.Build.0 = Release|Any CPU
		{DFF584E3-0D78-4287-943E-931024FB40CF}.Debug|Any CPU.ActiveCfg = Debug|Any CPU
		{DFF584E3-0D78-4287-943E-931024FB40CF}.Debug|Any CPU.Build.0 = Debug|Any CPU
		{DFF584E3-0D78-4287-943E-931024FB40CF}.Release|Any CPU.ActiveCfg = Release|Any CPU
		{DFF584E3-0D78-4287-943E-931024FB40CF}.Release|Any CPU.Build.0 = Release|Any CPU
		{10BBFEA5-F30B-47FC-A703-5F7D0E08448A}.Debug|Any CPU.ActiveCfg = Debug|Any CPU
		{10BBFEA5-F30B-47FC-A703-5F7D0E08448A}.Debug|Any CPU.Build.0 = Debug|Any CPU
		{10BBFEA5-F30B-47FC-A703-5F7D0E08448A}.Release|Any CPU.ActiveCfg = Release|Any CPU
		{10BBFEA5-F30B-47FC-A703-5F7D0E08448A}.Release|Any CPU.Build.0 = Release|Any CPU
		{B9CD46D5-084A-4088-9632-AF06667C48BA}.Debug|Any CPU.ActiveCfg = Debug|Any CPU
		{B9CD46D5-084A-4088-9632-AF06667C48BA}.Debug|Any CPU.Build.0 = Debug|Any CPU
		{B9CD46D5-084A-4088-9632-AF06667C48BA}.Release|Any CPU.ActiveCfg = Release|Any CPU
		{B9CD46D5-084A-4088-9632-AF06667C48BA}.Release|Any CPU.Build.0 = Release|Any CPU
		{CC124932-B45C-4918-80E6-4D9B706C9A55}.Debug|Any CPU.ActiveCfg = Debug|Any CPU
		{CC124932-B45C-4918-80E6-4D9B706C9A55}.Debug|Any CPU.Build.0 = Debug|Any CPU
		{CC124932-B45C-4918-80E6-4D9B706C9A55}.Release|Any CPU.ActiveCfg = Release|Any CPU
		{CC124932-B45C-4918-80E6-4D9B706C9A55}.Release|Any CPU.Build.0 = Release|Any CPU
		{EFF94EF8-B225-410F-B70E-E30F5B75718F}.Debug|Any CPU.ActiveCfg = Debug|Any CPU
		{EFF94EF8-B225-410F-B70E-E30F5B75718F}.Debug|Any CPU.Build.0 = Debug|Any CPU
		{EFF94EF8-B225-410F-B70E-E30F5B75718F}.Release|Any CPU.ActiveCfg = Release|Any CPU
		{EFF94EF8-B225-410F-B70E-E30F5B75718F}.Release|Any CPU.Build.0 = Release|Any CPU
		{F8998426-CA10-4EB2-A451-D4E40C0284F4}.Debug|Any CPU.ActiveCfg = Debug|Any CPU
		{F8998426-CA10-4EB2-A451-D4E40C0284F4}.Debug|Any CPU.Build.0 = Debug|Any CPU
		{F8998426-CA10-4EB2-A451-D4E40C0284F4}.Release|Any CPU.ActiveCfg = Release|Any CPU
		{F8998426-CA10-4EB2-A451-D4E40C0284F4}.Release|Any CPU.Build.0 = Release|Any CPU
		{82DC2620-051C-43D2-B31F-B515FFE701B4}.Debug|Any CPU.ActiveCfg = Debug|Any CPU
		{82DC2620-051C-43D2-B31F-B515FFE701B4}.Debug|Any CPU.Build.0 = Debug|Any CPU
		{82DC2620-051C-43D2-B31F-B515FFE701B4}.Release|Any CPU.ActiveCfg = Release|Any CPU
		{82DC2620-051C-43D2-B31F-B515FFE701B4}.Release|Any CPU.Build.0 = Release|Any CPU
		{E6333F21-EF31-42D1-A400-1D0C51C48454}.Debug|Any CPU.ActiveCfg = Debug|Any CPU
		{E6333F21-EF31-42D1-A400-1D0C51C48454}.Debug|Any CPU.Build.0 = Debug|Any CPU
		{E6333F21-EF31-42D1-A400-1D0C51C48454}.Release|Any CPU.ActiveCfg = Release|Any CPU
		{E6333F21-EF31-42D1-A400-1D0C51C48454}.Release|Any CPU.Build.0 = Release|Any CPU
		{66796D3E-9278-40D1-AEC0-DBC1F094F6FA}.Debug|Any CPU.ActiveCfg = Debug|Any CPU
		{66796D3E-9278-40D1-AEC0-DBC1F094F6FA}.Debug|Any CPU.Build.0 = Debug|Any CPU
		{66796D3E-9278-40D1-AEC0-DBC1F094F6FA}.Release|Any CPU.ActiveCfg = Release|Any CPU
		{66796D3E-9278-40D1-AEC0-DBC1F094F6FA}.Release|Any CPU.Build.0 = Release|Any CPU
	EndGlobalSection
	GlobalSection(SolutionProperties) = preSolution
		HideSolutionNode = FALSE
	EndGlobalSection
	GlobalSection(ExtensibilityGlobals) = postSolution
		SolutionGuid = {B40AA536-B628-433B-AFA3-6538093AAE45}
	EndGlobalSection
EndGlobal
